
Microsoft Visual Studio Solution File, Format Version 12.00
# Visual Studio Version 17
VisualStudioVersion = 17.7.34202.233
MinimumVisualStudioVersion = 10.0.40219.1
Project("{FAE04EC0-301F-11D3-BF4B-00C04F79EFBC}") = "MaquinaDeTuring", "MaquinaDeTuring.csproj", "{2B16FA08-1574-40FF-8DFA-8A92D428622A}"
EndProject
Global
	GlobalSection(SolutionConfigurationPlatforms) = preSolution
		Debug|Any CPU = Debug|Any CPU
		Release|Any CPU = Release|Any CPU
	EndGlobalSection
	GlobalSection(ProjectConfigurationPlatforms) = postSolution
		{2B16FA08-1574-40FF-8DFA-8A92D428622A}.Debug|Any CPU.ActiveCfg = Debug|Any CPU
		{2B16FA08-1574-40FF-8DFA-8A92D428622A}.Debug|Any CPU.Build.0 = Debug|Any CPU
		{2B16FA08-1574-40FF-8DFA-8A92D428622A}.Release|Any CPU.ActiveCfg = Release|Any CPU
		{2B16FA08-1574-40FF-8DFA-8A92D428622A}.Release|Any CPU.Build.0 = Release|Any CPU
	EndGlobalSection
	GlobalSection(SolutionProperties) = preSolution
		HideSolutionNode = FALSE
	EndGlobalSection
	GlobalSection(ExtensibilityGlobals) = postSolution
		SolutionGuid = {59B24A19-B367-45DB-9D59-6AB5E585B2BE}
	EndGlobalSection
EndGlobal
